// !$*UTF8*$!
{
	archiveVersion = 1;
	classes = {
	};
	objectVersion = 48;
	objects = {

/* Begin PBXBuildFile section */
		840C0B861F75717F00AD5246 /* eventTableViewController.swift in Sources */ = {isa = PBXBuildFile; fileRef = 840C0B851F75717F00AD5246 /* eventTableViewController.swift */; };
		841A80EF1F7567DC008FDFF4 /* Assets.xcassets in Resources */ = {isa = PBXBuildFile; fileRef = 841A80EE1F7567DC008FDFF4 /* Assets.xcassets */; };
		8422B8211F72A1D000C40F9B /* AppDelegate.swift in Sources */ = {isa = PBXBuildFile; fileRef = 8422B8201F72A1D000C40F9B /* AppDelegate.swift */; };
		8422B8261F72A1D000C40F9B /* Main.storyboard in Resources */ = {isa = PBXBuildFile; fileRef = 8422B8241F72A1D000C40F9B /* Main.storyboard */; };
		8422B82B1F72A1D000C40F9B /* LaunchScreen.storyboard in Resources */ = {isa = PBXBuildFile; fileRef = 8422B8291F72A1D000C40F9B /* LaunchScreen.storyboard */; };
		8422B8331F72A2A300C40F9B /* mainViewController.swift in Sources */ = {isa = PBXBuildFile; fileRef = 8422B8321F72A2A300C40F9B /* mainViewController.swift */; };
		8422B8351F72A2AE00C40F9B /* addViewController.swift in Sources */ = {isa = PBXBuildFile; fileRef = 8422B8341F72A2AE00C40F9B /* addViewController.swift */; };
		8422B8371F72A3EE00C40F9B /* Event.swift in Sources */ = {isa = PBXBuildFile; fileRef = 8422B8361F72A3EE00C40F9B /* Event.swift */; };
		8452389F1F753FFD0019A772 /* CoreDate.xcdatamodeld in Sources */ = {isa = PBXBuildFile; fileRef = 8452389D1F753FFD0019A772 /* CoreDate.xcdatamodeld */; };
		8473F8761F7A82FB00E3CCD0 /* settingsTableViewController.swift in Sources */ = {isa = PBXBuildFile; fileRef = 8473F8751F7A82FB00E3CCD0 /* settingsTableViewController.swift */; };
		84EFA7991F73E14A004C74BF /* aboutTableViewController.swift in Sources */ = {isa = PBXBuildFile; fileRef = 84EFA7981F73E14A004C74BF /* aboutTableViewController.swift */; };
/* End PBXBuildFile section */

/* Begin PBXFileReference section */
		840C0B851F75717F00AD5246 /* eventTableViewController.swift */ = {isa = PBXFileReference; lastKnownFileType = sourcecode.swift; path = eventTableViewController.swift; sourceTree = "<group>"; };
		841A80EE1F7567DC008FDFF4 /* Assets.xcassets */ = {isa = PBXFileReference; lastKnownFileType = folder.assetcatalog; path = Assets.xcassets; sourceTree = "<group>"; };
		8422B81D1F72A1D000C40F9B /* Progress.app */ = {isa = PBXFileReference; explicitFileType = wrapper.application; includeInIndex = 0; path = Progress.app; sourceTree = BUILT_PRODUCTS_DIR; };
		8422B8201F72A1D000C40F9B /* AppDelegate.swift */ = {isa = PBXFileReference; lastKnownFileType = sourcecode.swift; path = AppDelegate.swift; sourceTree = "<group>"; };
		8422B8251F72A1D000C40F9B /* Base */ = {isa = PBXFileReference; lastKnownFileType = file.storyboard; name = Base; path = Base.lproj/Main.storyboard; sourceTree = "<group>"; };
		8422B82A1F72A1D000C40F9B /* Base */ = {isa = PBXFileReference; lastKnownFileType = file.storyboard; name = Base; path = Base.lproj/LaunchScreen.storyboard; sourceTree = "<group>"; };
		8422B82C1F72A1D000C40F9B /* Info.plist */ = {isa = PBXFileReference; lastKnownFileType = text.plist.xml; path = Info.plist; sourceTree = "<group>"; };
		8422B8321F72A2A300C40F9B /* mainViewController.swift */ = {isa = PBXFileReference; lastKnownFileType = sourcecode.swift; path = mainViewController.swift; sourceTree = "<group>"; };
		8422B8341F72A2AE00C40F9B /* addViewController.swift */ = {isa = PBXFileReference; lastKnownFileType = sourcecode.swift; path = addViewController.swift; sourceTree = "<group>"; };
		8422B8361F72A3EE00C40F9B /* Event.swift */ = {isa = PBXFileReference; lastKnownFileType = sourcecode.swift; path = Event.swift; sourceTree = "<group>"; };
		8452389E1F753FFD0019A772 /* CoreDate.xcdatamodel */ = {isa = PBXFileReference; lastKnownFileType = wrapper.xcdatamodel; path = CoreDate.xcdatamodel; sourceTree = "<group>"; };
		8473F8751F7A82FB00E3CCD0 /* settingsTableViewController.swift */ = {isa = PBXFileReference; lastKnownFileType = sourcecode.swift; path = settingsTableViewController.swift; sourceTree = "<group>"; };
		84EFA7981F73E14A004C74BF /* aboutTableViewController.swift */ = {isa = PBXFileReference; lastKnownFileType = sourcecode.swift; path = aboutTableViewController.swift; sourceTree = "<group>"; };
/* End PBXFileReference section */

/* Begin PBXFrameworksBuildPhase section */
		8422B81A1F72A1D000C40F9B /* Frameworks */ = {
			isa = PBXFrameworksBuildPhase;
			buildActionMask = 2147483647;
			files = (
			);
			runOnlyForDeploymentPostprocessing = 0;
		};
/* End PBXFrameworksBuildPhase section */

/* Begin PBXGroup section */
		8422B8141F72A1D000C40F9B = {
			isa = PBXGroup;
			children = (
				8422B81F1F72A1D000C40F9B /* Progress */,
				8422B81E1F72A1D000C40F9B /* Products */,
			);
			sourceTree = "<group>";
		};
		8422B81E1F72A1D000C40F9B /* Products */ = {
			isa = PBXGroup;
			children = (
				8422B81D1F72A1D000C40F9B /* Progress.app */,
			);
			name = Products;
			sourceTree = "<group>";
		};
		8422B81F1F72A1D000C40F9B /* Progress */ = {
			isa = PBXGroup;
			children = (
				8422B8201F72A1D000C40F9B /* AppDelegate.swift */,
				8422B8241F72A1D000C40F9B /* Main.storyboard */,
				8422B8291F72A1D000C40F9B /* LaunchScreen.storyboard */,
				841A80EE1F7567DC008FDFF4 /* Assets.xcassets */,
				8422B82C1F72A1D000C40F9B /* Info.plist */,
				8422B8321F72A2A300C40F9B /* mainViewController.swift */,
				8422B8341F72A2AE00C40F9B /* addViewController.swift */,
				840C0B851F75717F00AD5246 /* eventTableViewController.swift */,
				84EFA7981F73E14A004C74BF /* aboutTableViewController.swift */,
				8473F8751F7A82FB00E3CCD0 /* settingsTableViewController.swift */,
				8422B8361F72A3EE00C40F9B /* Event.swift */,
				8452389D1F753FFD0019A772 /* CoreDate.xcdatamodeld */,
			);
			path = Progress;
			sourceTree = "<group>";
		};
/* End PBXGroup section */

/* Begin PBXNativeTarget section */
		8422B81C1F72A1D000C40F9B /* Progress */ = {
			isa = PBXNativeTarget;
			buildConfigurationList = 8422B82F1F72A1D000C40F9B /* Build configuration list for PBXNativeTarget "Progress" */;
			buildPhases = (
				8422B8191F72A1D000C40F9B /* Sources */,
				8422B81A1F72A1D000C40F9B /* Frameworks */,
				8422B81B1F72A1D000C40F9B /* Resources */,
				8422B8381F72ADD000C40F9B /* ShellScript */,
			);
			buildRules = (
			);
			dependencies = (
			);
			name = Progress;
			productName = Progress;
			productReference = 8422B81D1F72A1D000C40F9B /* Progress.app */;
			productType = "com.apple.product-type.application";
		};
/* End PBXNativeTarget section */

/* Begin PBXProject section */
		8422B8151F72A1D000C40F9B /* Project object */ = {
			isa = PBXProject;
			attributes = {
				KnownAssetTags = (
					toEventScene,
				);
				LastSwiftUpdateCheck = 0900;
				LastUpgradeCheck = 0900;
				ORGANIZATIONNAME = Lucka;
				TargetAttributes = {
					8422B81C1F72A1D000C40F9B = {
						CreatedOnToolsVersion = 9.0;
						ProvisioningStyle = Automatic;
					};
				};
			};
			buildConfigurationList = 8422B8181F72A1D000C40F9B /* Build configuration list for PBXProject "Progress" */;
			compatibilityVersion = "Xcode 8.0";
			developmentRegion = en;
			hasScannedForEncodings = 0;
			knownRegions = (
				en,
				Base,
			);
			mainGroup = 8422B8141F72A1D000C40F9B;
			productRefGroup = 8422B81E1F72A1D000C40F9B /* Products */;
			projectDirPath = "";
			projectRoot = "";
			targets = (
				8422B81C1F72A1D000C40F9B /* Progress */,
			);
		};
/* End PBXProject section */

/* Begin PBXResourcesBuildPhase section */
		8422B81B1F72A1D000C40F9B /* Resources */ = {
			isa = PBXResourcesBuildPhase;
			buildActionMask = 2147483647;
			files = (
				8422B82B1F72A1D000C40F9B /* LaunchScreen.storyboard in Resources */,
				841A80EF1F7567DC008FDFF4 /* Assets.xcassets in Resources */,
				8422B8261F72A1D000C40F9B /* Main.storyboard in Resources */,
			);
			runOnlyForDeploymentPostprocessing = 0;
		};
/* End PBXResourcesBuildPhase section */

/* Begin PBXShellScriptBuildPhase section */
		8422B8381F72ADD000C40F9B /* ShellScript */ = {
			isa = PBXShellScriptBuildPhase;
			buildActionMask = 2147483647;
			files = (
			);
			inputPaths = (
			);
			outputPaths = (
			);
			runOnlyForDeploymentPostprocessing = 0;
			shellPath = /bin/sh;
			shellScript = "buildVersionNumber=$(/usr/libexec/PlistBuddy -c \"Print CFBundleVersion\" \"$INFOPLIST_FILE\")\nbuildVersionNumber=$(($buildVersionNumber + 1))\n/usr/libexec/PlistBuddy -c \"Set :CFBundleVersion $buildVersionNumber\" \"$INFOPLIST_FILE\"";
		};
/* End PBXShellScriptBuildPhase section */

/* Begin PBXSourcesBuildPhase section */
		8422B8191F72A1D000C40F9B /* Sources */ = {
			isa = PBXSourcesBuildPhase;
			buildActionMask = 2147483647;
			files = (
				8422B8371F72A3EE00C40F9B /* Event.swift in Sources */,
				8422B8211F72A1D000C40F9B /* AppDelegate.swift in Sources */,
				84EFA7991F73E14A004C74BF /* aboutTableViewController.swift in Sources */,
				8422B8351F72A2AE00C40F9B /* addViewController.swift in Sources */,
				8473F8761F7A82FB00E3CCD0 /* settingsTableViewController.swift in Sources */,
				8452389F1F753FFD0019A772 /* CoreDate.xcdatamodeld in Sources */,
				8422B8331F72A2A300C40F9B /* mainViewController.swift in Sources */,
				840C0B861F75717F00AD5246 /* eventTableViewController.swift in Sources */,
			);
			runOnlyForDeploymentPostprocessing = 0;
		};
/* End PBXSourcesBuildPhase section */

/* Begin PBXVariantGroup section */
		8422B8241F72A1D000C40F9B /* Main.storyboard */ = {
			isa = PBXVariantGroup;
			children = (
				8422B8251F72A1D000C40F9B /* Base */,
			);
			name = Main.storyboard;
			sourceTree = "<group>";
		};
		8422B8291F72A1D000C40F9B /* LaunchScreen.storyboard */ = {
			isa = PBXVariantGroup;
			children = (
				8422B82A1F72A1D000C40F9B /* Base */,
			);
			name = LaunchScreen.storyboard;
			sourceTree = "<group>";
		};
/* End PBXVariantGroup section */

/* Begin XCBuildConfiguration section */
		8422B82D1F72A1D000C40F9B /* Debug */ = {
			isa = XCBuildConfiguration;
			buildSettings = {
				ALWAYS_SEARCH_USER_PATHS = NO;
				CLANG_ANALYZER_NONNULL = YES;
				CLANG_ANALYZER_NUMBER_OBJECT_CONVERSION = YES_AGGRESSIVE;
				CLANG_CXX_LANGUAGE_STANDARD = "gnu++14";
				CLANG_CXX_LIBRARY = "libc++";
				CLANG_ENABLE_MODULES = YES;
				CLANG_ENABLE_OBJC_ARC = YES;
				CLANG_WARN_BLOCK_CAPTURE_AUTORELEASING = YES;
				CLANG_WARN_BOOL_CONVERSION = YES;
				CLANG_WARN_COMMA = YES;
				CLANG_WARN_CONSTANT_CONVERSION = YES;
				CLANG_WARN_DIRECT_OBJC_ISA_USAGE = YES_ERROR;
				CLANG_WARN_DOCUMENTATION_COMMENTS = YES;
				CLANG_WARN_EMPTY_BODY = YES;
				CLANG_WARN_ENUM_CONVERSION = YES;
				CLANG_WARN_INFINITE_RECURSION = YES;
				CLANG_WARN_INT_CONVERSION = YES;
				CLANG_WARN_NON_LITERAL_NULL_CONVERSION = YES;
				CLANG_WARN_OBJC_LITERAL_CONVERSION = YES;
				CLANG_WARN_OBJC_ROOT_CLASS = YES_ERROR;
				CLANG_WARN_RANGE_LOOP_ANALYSIS = YES;
				CLANG_WARN_STRICT_PROTOTYPES = YES;
				CLANG_WARN_SUSPICIOUS_MOVE = YES;
				CLANG_WARN_UNGUARDED_AVAILABILITY = YES_AGGRESSIVE;
				CLANG_WARN_UNREACHABLE_CODE = YES;
				CLANG_WARN__DUPLICATE_METHOD_MATCH = YES;
				CODE_SIGN_IDENTITY = "iPhone Developer";
				COPY_PHASE_STRIP = NO;
				DEBUG_INFORMATION_FORMAT = dwarf;
				ENABLE_STRICT_OBJC_MSGSEND = YES;
				ENABLE_TESTABILITY = YES;
				GCC_C_LANGUAGE_STANDARD = gnu11;
				GCC_DYNAMIC_NO_PIC = NO;
				GCC_NO_COMMON_BLOCKS = YES;
				GCC_OPTIMIZATION_LEVEL = 0;
				GCC_PREPROCESSOR_DEFINITIONS = (
					"DEBUG=1",
					"$(inherited)",
				);
				GCC_WARN_64_TO_32_BIT_CONVERSION = YES;
				GCC_WARN_ABOUT_RETURN_TYPE = YES_ERROR;
				GCC_WARN_UNDECLARED_SELECTOR = YES;
				GCC_WARN_UNINITIALIZED_AUTOS = YES_AGGRESSIVE;
				GCC_WARN_UNUSED_FUNCTION = YES;
				GCC_WARN_UNUSED_VARIABLE = YES;
				IPHONEOS_DEPLOYMENT_TARGET = 11.0;
				MTL_ENABLE_DEBUG_INFO = YES;
				ONLY_ACTIVE_ARCH = YES;
				SDKROOT = iphoneos;
				SWIFT_ACTIVE_COMPILATION_CONDITIONS = DEBUG;
				SWIFT_OPTIMIZATION_LEVEL = "-Onone";
			};
			name = Debug;
		};
		8422B82E1F72A1D000C40F9B /* Release */ = {
			isa = XCBuildConfiguration;
			buildSettings = {
				ALWAYS_SEARCH_USER_PATHS = NO;
				CLANG_ANALYZER_NONNULL = YES;
				CLANG_ANALYZER_NUMBER_OBJECT_CONVERSION = YES_AGGRESSIVE;
				CLANG_CXX_LANGUAGE_STANDARD = "gnu++14";
				CLANG_CXX_LIBRARY = "libc++";
				CLANG_ENABLE_MODULES = YES;
				CLANG_ENABLE_OBJC_ARC = YES;
				CLANG_WARN_BLOCK_CAPTURE_AUTORELEASING = YES;
				CLANG_WARN_BOOL_CONVERSION = YES;
				CLANG_WARN_COMMA = YES;
				CLANG_WARN_CONSTANT_CONVERSION = YES;
				CLANG_WARN_DIRECT_OBJC_ISA_USAGE = YES_ERROR;
				CLANG_WARN_DOCUMENTATION_COMMENTS = YES;
				CLANG_WARN_EMPTY_BODY = YES;
				CLANG_WARN_ENUM_CONVERSION = YES;
				CLANG_WARN_INFINITE_RECURSION = YES;
				CLANG_WARN_INT_CONVERSION = YES;
				CLANG_WARN_NON_LITERAL_NULL_CONVERSION = YES;
				CLANG_WARN_OBJC_LITERAL_CONVERSION = YES;
				CLANG_WARN_OBJC_ROOT_CLASS = YES_ERROR;
				CLANG_WARN_RANGE_LOOP_ANALYSIS = YES;
				CLANG_WARN_STRICT_PROTOTYPES = YES;
				CLANG_WARN_SUSPICIOUS_MOVE = YES;
				CLANG_WARN_UNGUARDED_AVAILABILITY = YES_AGGRESSIVE;
				CLANG_WARN_UNREACHABLE_CODE = YES;
				CLANG_WARN__DUPLICATE_METHOD_MATCH = YES;
				CODE_SIGN_IDENTITY = "iPhone Developer";
				COPY_PHASE_STRIP = NO;
				DEBUG_INFORMATION_FORMAT = "dwarf-with-dsym";
				ENABLE_NS_ASSERTIONS = NO;
				ENABLE_STRICT_OBJC_MSGSEND = YES;
				GCC_C_LANGUAGE_STANDARD = gnu11;
				GCC_NO_COMMON_BLOCKS = YES;
				GCC_WARN_64_TO_32_BIT_CONVERSION = YES;
				GCC_WARN_ABOUT_RETURN_TYPE = YES_ERROR;
				GCC_WARN_UNDECLARED_SELECTOR = YES;
				GCC_WARN_UNINITIALIZED_AUTOS = YES_AGGRESSIVE;
				GCC_WARN_UNUSED_FUNCTION = YES;
				GCC_WARN_UNUSED_VARIABLE = YES;
				IPHONEOS_DEPLOYMENT_TARGET = 11.0;
				MTL_ENABLE_DEBUG_INFO = NO;
				SDKROOT = iphoneos;
				SWIFT_OPTIMIZATION_LEVEL = "-Owholemodule";
				VALIDATE_PRODUCT = YES;
			};
			name = Release;
		};
		8422B8301F72A1D000C40F9B /* Debug */ = {
			isa = XCBuildConfiguration;
			buildSettings = {
				ASSETCATALOG_COMPILER_APPICON_NAME = AppIcon;
				CODE_SIGN_STYLE = Automatic;
				DEVELOPMENT_TEAM = 6JSH2PZAX2;
				INFOPLIST_FILE = Progress/Info.plist;
				LD_RUNPATH_SEARCH_PATHS = "$(inherited) @executable_path/Frameworks";
				PRODUCT_BUNDLE_IDENTIFIER = labs.lucka.Progress;
				PRODUCT_NAME = "$(TARGET_NAME)";
				SWIFT_VERSION = 4.0;
				TARGETED_DEVICE_FAMILY = 1;
			};
			name = Debug;
		};
		8422B8311F72A1D000C40F9B /* Release */ = {
			isa = XCBuildConfiguration;
			buildSettings = {
				ASSETCATALOG_COMPILER_APPICON_NAME = AppIcon;
				CODE_SIGN_STYLE = Automatic;
				DEVELOPMENT_TEAM = 6JSH2PZAX2;
				INFOPLIST_FILE = Progress/Info.plist;
				LD_RUNPATH_SEARCH_PATHS = "$(inherited) @executable_path/Frameworks";
				PRODUCT_BUNDLE_IDENTIFIER = labs.lucka.Progress;
				PRODUCT_NAME = "$(TARGET_NAME)";
				SWIFT_VERSION = 4.0;
				TARGETED_DEVICE_FAMILY = 1;
			};
			name = Release;
		};
/* End XCBuildConfiguration section */

/* Begin XCConfigurationList section */
		8422B8181F72A1D000C40F9B /* Build configuration list for PBXProject "Progress" */ = {
			isa = XCConfigurationList;
			buildConfigurations = (
				8422B82D1F72A1D000C40F9B /* Debug */,
				8422B82E1F72A1D000C40F9B /* Release */,
			);
			defaultConfigurationIsVisible = 0;
			defaultConfigurationName = Release;
		};
		8422B82F1F72A1D000C40F9B /* Build configuration list for PBXNativeTarget "Progress" */ = {
			isa = XCConfigurationList;
			buildConfigurations = (
				8422B8301F72A1D000C40F9B /* Debug */,
				8422B8311F72A1D000C40F9B /* Release */,
			);
			defaultConfigurationIsVisible = 0;
			defaultConfigurationName = Release;
		};
/* End XCConfigurationList section */

/* Begin XCVersionGroup section */
		8452389D1F753FFD0019A772 /* CoreDate.xcdatamodeld */ = {
			isa = XCVersionGroup;
			children = (
				8452389E1F753FFD0019A772 /* CoreDate.xcdatamodel */,
			);
			currentVersion = 8452389E1F753FFD0019A772 /* CoreDate.xcdatamodel */;
			path = CoreDate.xcdatamodeld;
			sourceTree = "<group>";
			versionGroupType = wrapper.xcdatamodel;
		};
/* End XCVersionGroup section */
	};
	rootObject = 8422B8151F72A1D000C40F9B /* Project object */;
}
